
Microsoft Visual Studio Solution File, Format Version 12.00
# Visual Studio Version 17
VisualStudioVersion = 17.0.31903.59
MinimumVisualStudioVersion = 10.0.40219.1
Project("{2150E333-8FDC-42A3-9474-1A3956D46DE8}") = "Libs", "Libs", "{1A6F600F-5304-4799-983F-6F5FFF308E2A}"
EndProject
Project("{FAE04EC0-301F-11D3-BF4B-00C04F79EFBC}") = "1BillionRowChallenge", "1BillionRowChallenge\1BillionRowChallenge.csproj", "{17DFED4B-FA9E-4AA6-BCCD-282AE99904E8}"
EndProject
Project("{FAE04EC0-301F-11D3-BF4B-00C04F79EFBC}") = "DataProcessor", "DataProcessor\DataProcessor.csproj", "{9B002931-2916-4010-BDE6-F75A2CD4CD60}"
EndProject
Global
	GlobalSection(SolutionConfigurationPlatforms) = preSolution
		Debug|Any CPU = Debug|Any CPU
		Release|Any CPU = Release|Any CPU
	EndGlobalSection
	GlobalSection(SolutionProperties) = preSolution
		HideSolutionNode = FALSE
	EndGlobalSection
	GlobalSection(ProjectConfigurationPlatforms) = postSolution
		{17DFED4B-FA9E-4AA6-BCCD-282AE99904E8}.Debug|Any CPU.ActiveCfg = Debug|Any CPU
		{17DFED4B-FA9E-4AA6-BCCD-282AE99904E8}.Debug|Any CPU.Build.0 = Debug|Any CPU
		{17DFED4B-FA9E-4AA6-BCCD-282AE99904E8}.Release|Any CPU.ActiveCfg = Release|Any CPU
		{17DFED4B-FA9E-4AA6-BCCD-282AE99904E8}.Release|Any CPU.Build.0 = Release|Any CPU
		{9B002931-2916-4010-BDE6-F75A2CD4CD60}.Debug|Any CPU.ActiveCfg = Debug|Any CPU
		{9B002931-2916-4010-BDE6-F75A2CD4CD60}.Debug|Any CPU.Build.0 = Debug|Any CPU
		{9B002931-2916-4010-BDE6-F75A2CD4CD60}.Release|Any CPU.ActiveCfg = Release|Any CPU
		{9B002931-2916-4010-BDE6-F75A2CD4CD60}.Release|Any CPU.Build.0 = Release|Any CPU
	EndGlobalSection
	GlobalSection(NestedProjects) = preSolution
		{9B002931-2916-4010-BDE6-F75A2CD4CD60} = {1A6F600F-5304-4799-983F-6F5FFF308E2A}
	EndGlobalSection
EndGlobal
